
Microsoft Visual Studio Solution File, Format Version 12.00
# Visual Studio Version 17
VisualStudioVersion = 17.4.33403.182
MinimumVisualStudioVersion = 10.0.40219.1
Project("{9A19103F-16F7-4668-BE54-9A1E7A4F7556}") = "WebUI", "WebUI\WebUI.csproj", "{447A7C7D-4418-48FB-84A2-84BC7A0E886D}"
EndProject
Project("{9A19103F-16F7-4668-BE54-9A1E7A4F7556}") = "DataAccess", "DataAccess\DataAccess.csproj", "{6C78458A-88DD-478B-A73D-1D2CCBCE2A6D}"
EndProject
Project("{9A19103F-16F7-4668-BE54-9A1E7A4F7556}") = "Business", "Business\Business.csproj", "{7A1A46A7-2B13-4C3B-AA99-FA77AE5FAC74}"
EndProject
Project("{9A19103F-16F7-4668-BE54-9A1E7A4F7556}") = "Entities", "Entities\Entities.csproj", "{C0BD02FA-8FE5-4EE4-A959-C83E1826B16D}"
EndProject
Project("{FAE04EC0-301F-11D3-BF4B-00C04F79EFBC}") = "Core", "Core\Core.csproj", "{5A646523-871D-4CF0-AE0B-2C99CC2C947E}"
EndProject
Global
	GlobalSection(SolutionConfigurationPlatforms) = preSolution
		Debug|Any CPU = Debug|Any CPU
		Release|Any CPU = Release|Any CPU
	EndGlobalSection
	GlobalSection(ProjectConfigurationPlatforms) = postSolution
		{447A7C7D-4418-48FB-84A2-84BC7A0E886D}.Debug|Any CPU.ActiveCfg = Debug|Any CPU
		{447A7C7D-4418-48FB-84A2-84BC7A0E886D}.Debug|Any CPU.Build.0 = Debug|Any CPU
		{447A7C7D-4418-48FB-84A2-84BC7A0E886D}.Release|Any CPU.ActiveCfg = Release|Any CPU
		{447A7C7D-4418-48FB-84A2-84BC7A0E886D}.Release|Any CPU.Build.0 = Release|Any CPU
		{6C78458A-88DD-478B-A73D-1D2CCBCE2A6D}.Debug|Any CPU.ActiveCfg = Debug|Any CPU
		{6C78458A-88DD-478B-A73D-1D2CCBCE2A6D}.Debug|Any CPU.Build.0 = Debug|Any CPU
		{6C78458A-88DD-478B-A73D-1D2CCBCE2A6D}.Release|Any CPU.ActiveCfg = Release|Any CPU
		{6C78458A-88DD-478B-A73D-1D2CCBCE2A6D}.Release|Any CPU.Build.0 = Release|Any CPU
		{7A1A46A7-2B13-4C3B-AA99-FA77AE5FAC74}.Debug|Any CPU.ActiveCfg = Debug|Any CPU
		{7A1A46A7-2B13-4C3B-AA99-FA77AE5FAC74}.Debug|Any CPU.Build.0 = Debug|Any CPU
		{7A1A46A7-2B13-4C3B-AA99-FA77AE5FAC74}.Release|Any CPU.ActiveCfg = Release|Any CPU
		{7A1A46A7-2B13-4C3B-AA99-FA77AE5FAC74}.Release|Any CPU.Build.0 = Release|Any CPU
		{C0BD02FA-8FE5-4EE4-A959-C83E1826B16D}.Debug|Any CPU.ActiveCfg = Debug|Any CPU
		{C0BD02FA-8FE5-4EE4-A959-C83E1826B16D}.Debug|Any CPU.Build.0 = Debug|Any CPU
		{C0BD02FA-8FE5-4EE4-A959-C83E1826B16D}.Release|Any CPU.ActiveCfg = Release|Any CPU
		{C0BD02FA-8FE5-4EE4-A959-C83E1826B16D}.Release|Any CPU.Build.0 = Release|Any CPU
		{5A646523-871D-4CF0-AE0B-2C99CC2C947E}.Debug|Any CPU.ActiveCfg = Debug|Any CPU
		{5A646523-871D-4CF0-AE0B-2C99CC2C947E}.Debug|Any CPU.Build.0 = Debug|Any CPU
		{5A646523-871D-4CF0-AE0B-2C99CC2C947E}.Release|Any CPU.ActiveCfg = Release|Any CPU
		{5A646523-871D-4CF0-AE0B-2C99CC2C947E}.Release|Any CPU.Build.0 = Release|Any CPU
	EndGlobalSection
	GlobalSection(SolutionProperties) = preSolution
		HideSolutionNode = FALSE
	EndGlobalSection
	GlobalSection(ExtensibilityGlobals) = postSolution
		SolutionGuid = {C18672F0-CB3D-46C4-A3F8-81EF59E4716F}
	EndGlobalSection
EndGlobal
